
Microsoft Visual Studio Solution File, Format Version 12.00
# Visual Studio Version 17
VisualStudioVersion = 17.10.35122.118
MinimumVisualStudioVersion = 10.0.40219.1
Project("{9A19103F-16F7-4668-BE54-9A1E7A4F7556}") = "DigitalWalletAPI", "DigitalWalletAPI\DigitalWalletAPI.csproj", "{34DE19A2-8023-4247-B6BE-EFE73F955B65}"
EndProject
Project("{9A19103F-16F7-4668-BE54-9A1E7A4F7556}") = "DigitalWalletAPI.Domain", "DigitalWalletAPI.Domain\DigitalWalletAPI.Domain.csproj", "{AAFEB3D3-4342-4F73-8BA7-4A27D2094CF0}"
EndProject
Project("{9A19103F-16F7-4668-BE54-9A1E7A4F7556}") = "DigitalWalletAPI.Infrastructure", "DigitalWalletAPI.Infrastructure\DigitalWalletAPI.Infrastructure.csproj", "{02965260-76EF-4736-B8B5-D92D29858C66}"
EndProject
Project("{9A19103F-16F7-4668-BE54-9A1E7A4F7556}") = "DigitalWalletAPI.Application", "DigitalWalletAPI.Application\DigitalWalletAPI.Application.csproj", "{DEEA5E6C-898E-4E10-946E-2124086A6362}"
EndProject
Project("{9A19103F-16F7-4668-BE54-9A1E7A4F7556}") = "DigitalWalletAPI.IoC", "DigitalWalletAPI.IoC\DigitalWalletAPI.IoC.csproj", "{F00CCC3E-F6F5-4221-A25F-3028454AFBBC}"
EndProject
Project("{E53339B2-1760-4266-BCC7-CA923CBCF16C}") = "docker-compose", "docker-compose.dcproj", "{3268084B-E7D9-4505-9BDC-1ED8F86BBB17}"
EndProject
Global
	GlobalSection(SolutionConfigurationPlatforms) = preSolution
		Debug|Any CPU = Debug|Any CPU
		Release|Any CPU = Release|Any CPU
	EndGlobalSection
	GlobalSection(ProjectConfigurationPlatforms) = postSolution
		{34DE19A2-8023-4247-B6BE-EFE73F955B65}.Debug|Any CPU.ActiveCfg = Debug|Any CPU
		{34DE19A2-8023-4247-B6BE-EFE73F955B65}.Debug|Any CPU.Build.0 = Debug|Any CPU
		{34DE19A2-8023-4247-B6BE-EFE73F955B65}.Release|Any CPU.ActiveCfg = Release|Any CPU
		{34DE19A2-8023-4247-B6BE-EFE73F955B65}.Release|Any CPU.Build.0 = Release|Any CPU
		{AAFEB3D3-4342-4F73-8BA7-4A27D2094CF0}.Debug|Any CPU.ActiveCfg = Debug|Any CPU
		{AAFEB3D3-4342-4F73-8BA7-4A27D2094CF0}.Debug|Any CPU.Build.0 = Debug|Any CPU
		{AAFEB3D3-4342-4F73-8BA7-4A27D2094CF0}.Release|Any CPU.ActiveCfg = Release|Any CPU
		{AAFEB3D3-4342-4F73-8BA7-4A27D2094CF0}.Release|Any CPU.Build.0 = Release|Any CPU
		{02965260-76EF-4736-B8B5-D92D29858C66}.Debug|Any CPU.ActiveCfg = Debug|Any CPU
		{02965260-76EF-4736-B8B5-D92D29858C66}.Debug|Any CPU.Build.0 = Debug|Any CPU
		{02965260-76EF-4736-B8B5-D92D29858C66}.Release|Any CPU.ActiveCfg = Release|Any CPU
		{02965260-76EF-4736-B8B5-D92D29858C66}.Release|Any CPU.Build.0 = Release|Any CPU
		{DEEA5E6C-898E-4E10-946E-2124086A6362}.Debug|Any CPU.ActiveCfg = Debug|Any CPU
		{DEEA5E6C-898E-4E10-946E-2124086A6362}.Debug|Any CPU.Build.0 = Debug|Any CPU
		{DEEA5E6C-898E-4E10-946E-2124086A6362}.Release|Any CPU.ActiveCfg = Release|Any CPU
		{DEEA5E6C-898E-4E10-946E-2124086A6362}.Release|Any CPU.Build.0 = Release|Any CPU
		{F00CCC3E-F6F5-4221-A25F-3028454AFBBC}.Debug|Any CPU.ActiveCfg = Debug|Any CPU
		{F00CCC3E-F6F5-4221-A25F-3028454AFBBC}.Debug|Any CPU.Build.0 = Debug|Any CPU
		{F00CCC3E-F6F5-4221-A25F-3028454AFBBC}.Release|Any CPU.ActiveCfg = Release|Any CPU
		{F00CCC3E-F6F5-4221-A25F-3028454AFBBC}.Release|Any CPU.Build.0 = Release|Any CPU
		{3268084B-E7D9-4505-9BDC-1ED8F86BBB17}.Debug|Any CPU.ActiveCfg = Debug|Any CPU
		{3268084B-E7D9-4505-9BDC-1ED8F86BBB17}.Debug|Any CPU.Build.0 = Debug|Any CPU
		{3268084B-E7D9-4505-9BDC-1ED8F86BBB17}.Release|Any CPU.ActiveCfg = Release|Any CPU
		{3268084B-E7D9-4505-9BDC-1ED8F86BBB17}.Release|Any CPU.Build.0 = Release|Any CPU
	EndGlobalSection
	GlobalSection(SolutionProperties) = preSolution
		HideSolutionNode = FALSE
	EndGlobalSection
	GlobalSection(ExtensibilityGlobals) = postSolution
		SolutionGuid = {FBC78A66-9DD5-4F91-A708-C62DBC8FAA75}
	EndGlobalSection
EndGlobal
